
Microsoft Visual Studio Solution File, Format Version 12.00
# Visual Studio Version 16
VisualStudioVersion = 16.0.29613.14
MinimumVisualStudioVersion = 10.0.40219.1
Project("{FAE04EC0-301F-11D3-BF4B-00C04F79EFBC}") = "Buttons", "Buttons\Buttons.csproj", "{3D525CDB-5FDF-43D1-A9E1-2FF4F937C992}"
EndProject
Project("{FAE04EC0-301F-11D3-BF4B-00C04F79EFBC}") = "Grids", "Grids\Grids.csproj", "{B6A0F9E5-FD75-48FF-97BD-16BA11396ECC}"
EndProject
Global
	GlobalSection(SolutionConfigurationPlatforms) = preSolution
		Debug|ARM = Debug|ARM
		Debug|ARM64 = Debug|ARM64
		Debug|x64 = Debug|x64
		Debug|x86 = Debug|x86
		Release|ARM = Release|ARM
		Release|ARM64 = Release|ARM64
		Release|x64 = Release|x64
		Release|x86 = Release|x86
	EndGlobalSection
	GlobalSection(ProjectConfigurationPlatforms) = postSolution
		{3D525CDB-5FDF-43D1-A9E1-2FF4F937C992}.Debug|ARM.ActiveCfg = Debug|ARM
		{3D525CDB-5FDF-43D1-A9E1-2FF4F937C992}.Debug|ARM.Build.0 = Debug|ARM
		{3D525CDB-5FDF-43D1-A9E1-2FF4F937C992}.Debug|ARM.Deploy.0 = Debug|ARM
		{3D525CDB-5FDF-43D1-A9E1-2FF4F937C992}.Debug|ARM64.ActiveCfg = Debug|ARM64
		{3D525CDB-5FDF-43D1-A9E1-2FF4F937C992}.Debug|ARM64.Build.0 = Debug|ARM64
		{3D525CDB-5FDF-43D1-A9E1-2FF4F937C992}.Debug|ARM64.Deploy.0 = Debug|ARM64
		{3D525CDB-5FDF-43D1-A9E1-2FF4F937C992}.Debug|x64.ActiveCfg = Debug|x64
		{3D525CDB-5FDF-43D1-A9E1-2FF4F937C992}.Debug|x64.Build.0 = Debug|x64
		{3D525CDB-5FDF-43D1-A9E1-2FF4F937C992}.Debug|x64.Deploy.0 = Debug|x64
		{3D525CDB-5FDF-43D1-A9E1-2FF4F937C992}.Debug|x86.ActiveCfg = Debug|x86
		{3D525CDB-5FDF-43D1-A9E1-2FF4F937C992}.Debug|x86.Build.0 = Debug|x86
		{3D525CDB-5FDF-43D1-A9E1-2FF4F937C992}.Debug|x86.Deploy.0 = Debug|x86
		{3D525CDB-5FDF-43D1-A9E1-2FF4F937C992}.Release|ARM.ActiveCfg = Release|ARM
		{3D525CDB-5FDF-43D1-A9E1-2FF4F937C992}.Release|ARM.Build.0 = Release|ARM
		{3D525CDB-5FDF-43D1-A9E1-2FF4F937C992}.Release|ARM.Deploy.0 = Release|ARM
		{3D525CDB-5FDF-43D1-A9E1-2FF4F937C992}.Release|ARM64.ActiveCfg = Release|ARM64
		{3D525CDB-5FDF-43D1-A9E1-2FF4F937C992}.Release|ARM64.Build.0 = Release|ARM64
		{3D525CDB-5FDF-43D1-A9E1-2FF4F937C992}.Release|ARM64.Deploy.0 = Release|ARM64
		{3D525CDB-5FDF-43D1-A9E1-2FF4F937C992}.Release|x64.ActiveCfg = Release|x64
		{3D525CDB-5FDF-43D1-A9E1-2FF4F937C992}.Release|x64.Build.0 = Release|x64
		{3D525CDB-5FDF-43D1-A9E1-2FF4F937C992}.Release|x64.Deploy.0 = Release|x64
		{3D525CDB-5FDF-43D1-A9E1-2FF4F937C992}.Release|x86.ActiveCfg = Release|x86
		{3D525CDB-5FDF-43D1-A9E1-2FF4F937C992}.Release|x86.Build.0 = Release|x86
		{3D525CDB-5FDF-43D1-A9E1-2FF4F937C992}.Release|x86.Deploy.0 = Release|x86
		{B6A0F9E5-FD75-48FF-97BD-16BA11396ECC}.Debug|ARM.ActiveCfg = Debug|ARM
		{B6A0F9E5-FD75-48FF-97BD-16BA11396ECC}.Debug|ARM.Build.0 = Debug|ARM
		{B6A0F9E5-FD75-48FF-97BD-16BA11396ECC}.Debug|ARM.Deploy.0 = Debug|ARM
		{B6A0F9E5-FD75-48FF-97BD-16BA11396ECC}.Debug|ARM64.ActiveCfg = Debug|ARM64
		{B6A0F9E5-FD75-48FF-97BD-16BA11396ECC}.Debug|ARM64.Build.0 = Debug|ARM64
		{B6A0F9E5-FD75-48FF-97BD-16BA11396ECC}.Debug|ARM64.Deploy.0 = Debug|ARM64
		{B6A0F9E5-FD75-48FF-97BD-16BA11396ECC}.Debug|x64.ActiveCfg = Debug|x64
		{B6A0F9E5-FD75-48FF-97BD-16BA11396ECC}.Debug|x64.Build.0 = Debug|x64
		{B6A0F9E5-FD75-48FF-97BD-16BA11396ECC}.Debug|x64.Deploy.0 = Debug|x64
		{B6A0F9E5-FD75-48FF-97BD-16BA11396ECC}.Debug|x86.ActiveCfg = Debug|x86
		{B6A0F9E5-FD75-48FF-97BD-16BA11396ECC}.Debug|x86.Build.0 = Debug|x86
		{B6A0F9E5-FD75-48FF-97BD-16BA11396ECC}.Debug|x86.Deploy.0 = Debug|x86
		{B6A0F9E5-FD75-48FF-97BD-16BA11396ECC}.Release|ARM.ActiveCfg = Release|ARM
		{B6A0F9E5-FD75-48FF-97BD-16BA11396ECC}.Release|ARM.Build.0 = Release|ARM
		{B6A0F9E5-FD75-48FF-97BD-16BA11396ECC}.Release|ARM.Deploy.0 = Release|ARM
		{B6A0F9E5-FD75-48FF-97BD-16BA11396ECC}.Release|ARM64.ActiveCfg = Release|ARM64
		{B6A0F9E5-FD75-48FF-97BD-16BA11396ECC}.Release|ARM64.Build.0 = Release|ARM64
		{B6A0F9E5-FD75-48FF-97BD-16BA11396ECC}.Release|ARM64.Deploy.0 = Release|ARM64
		{B6A0F9E5-FD75-48FF-97BD-16BA11396ECC}.Release|x64.ActiveCfg = Release|x64
		{B6A0F9E5-FD75-48FF-97BD-16BA11396ECC}.Release|x64.Build.0 = Release|x64
		{B6A0F9E5-FD75-48FF-97BD-16BA11396ECC}.Release|x64.Deploy.0 = Release|x64
		{B6A0F9E5-FD75-48FF-97BD-16BA11396ECC}.Release|x86.ActiveCfg = Release|x86
		{B6A0F9E5-FD75-48FF-97BD-16BA11396ECC}.Release|x86.Build.0 = Release|x86
		{B6A0F9E5-FD75-48FF-97BD-16BA11396ECC}.Release|x86.Deploy.0 = Release|x86
	EndGlobalSection
	GlobalSection(SolutionProperties) = preSolution
		HideSolutionNode = FALSE
	EndGlobalSection
	GlobalSection(ExtensibilityGlobals) = postSolution
		SolutionGuid = {768632DC-D93C-4A92-AC1C-0BC652095286}
	EndGlobalSection
EndGlobal
